
Microsoft Visual Studio Solution File, Format Version 12.00
# Visual Studio Version 17
VisualStudioVersion = 17.13.35931.197
MinimumVisualStudioVersion = 10.0.40219.1
Project("{FAE04EC0-301F-11D3-BF4B-00C04F79EFBC}") = "KameraSteuerungDeLuxe", "KameraSteuerungDeLuxe.csproj", "{4B30443E-18B3-4C53-B4F1-ABAD8F30C0FB}"
EndProject
Project("{C7167F0D-BC9F-4E6E-AFE1-012C56B48DB5}") = "MSIX Installer", "MSIX\MSIX Installer\MSIX Installer.wapproj", "{917D55CA-34AF-4EBA-B9E9-E527728F50F5}"
	ProjectSection(ProjectDependencies) = postProject
		{4B30443E-18B3-4C53-B4F1-ABAD8F30C0FB} = {4B30443E-18B3-4C53-B4F1-ABAD8F30C0FB}
	EndProjectSection
EndProject
Global
	GlobalSection(SolutionConfigurationPlatforms) = preSolution
		Debug|Any CPU = Debug|Any CPU
		Debug|ARM = Debug|ARM
		Debug|ARM64 = Debug|ARM64
		Debug|x64 = Debug|x64
		Debug|x86 = Debug|x86
		Release|Any CPU = Release|Any CPU
		Release|ARM = Release|ARM
		Release|ARM64 = Release|ARM64
		Release|x64 = Release|x64
		Release|x86 = Release|x86
	EndGlobalSection
	GlobalSection(ProjectConfigurationPlatforms) = postSolution
		{4B30443E-18B3-4C53-B4F1-ABAD8F30C0FB}.Debug|Any CPU.ActiveCfg = Debug|Any CPU
		{4B30443E-18B3-4C53-B4F1-ABAD8F30C0FB}.Debug|Any CPU.Build.0 = Debug|Any CPU
		{4B30443E-18B3-4C53-B4F1-ABAD8F30C0FB}.Debug|ARM.ActiveCfg = Debug|Any CPU
		{4B30443E-18B3-4C53-B4F1-ABAD8F30C0FB}.Debug|ARM.Build.0 = Debug|Any CPU
		{4B30443E-18B3-4C53-B4F1-ABAD8F30C0FB}.Debug|ARM64.ActiveCfg = Debug|Any CPU
		{4B30443E-18B3-4C53-B4F1-ABAD8F30C0FB}.Debug|ARM64.Build.0 = Debug|Any CPU
		{4B30443E-18B3-4C53-B4F1-ABAD8F30C0FB}.Debug|x64.ActiveCfg = Debug|x64
		{4B30443E-18B3-4C53-B4F1-ABAD8F30C0FB}.Debug|x64.Build.0 = Debug|x64
		{4B30443E-18B3-4C53-B4F1-ABAD8F30C0FB}.Debug|x86.ActiveCfg = Debug|x86
		{4B30443E-18B3-4C53-B4F1-ABAD8F30C0FB}.Debug|x86.Build.0 = Debug|x86
		{4B30443E-18B3-4C53-B4F1-ABAD8F30C0FB}.Release|Any CPU.ActiveCfg = Release|Any CPU
		{4B30443E-18B3-4C53-B4F1-ABAD8F30C0FB}.Release|Any CPU.Build.0 = Release|Any CPU
		{4B30443E-18B3-4C53-B4F1-ABAD8F30C0FB}.Release|ARM.ActiveCfg = Release|Any CPU
		{4B30443E-18B3-4C53-B4F1-ABAD8F30C0FB}.Release|ARM.Build.0 = Release|Any CPU
		{4B30443E-18B3-4C53-B4F1-ABAD8F30C0FB}.Release|ARM64.ActiveCfg = Release|Any CPU
		{4B30443E-18B3-4C53-B4F1-ABAD8F30C0FB}.Release|ARM64.Build.0 = Release|Any CPU
		{4B30443E-18B3-4C53-B4F1-ABAD8F30C0FB}.Release|x64.ActiveCfg = Release|x64
		{4B30443E-18B3-4C53-B4F1-ABAD8F30C0FB}.Release|x64.Build.0 = Release|x64
		{4B30443E-18B3-4C53-B4F1-ABAD8F30C0FB}.Release|x86.ActiveCfg = Release|x86
		{4B30443E-18B3-4C53-B4F1-ABAD8F30C0FB}.Release|x86.Build.0 = Release|x86
		{917D55CA-34AF-4EBA-B9E9-E527728F50F5}.Debug|Any CPU.ActiveCfg = Debug|Any CPU
		{917D55CA-34AF-4EBA-B9E9-E527728F50F5}.Debug|Any CPU.Build.0 = Debug|Any CPU
		{917D55CA-34AF-4EBA-B9E9-E527728F50F5}.Debug|Any CPU.Deploy.0 = Debug|Any CPU
		{917D55CA-34AF-4EBA-B9E9-E527728F50F5}.Debug|ARM.ActiveCfg = Debug|ARM
		{917D55CA-34AF-4EBA-B9E9-E527728F50F5}.Debug|ARM.Build.0 = Debug|ARM
		{917D55CA-34AF-4EBA-B9E9-E527728F50F5}.Debug|ARM.Deploy.0 = Debug|ARM
		{917D55CA-34AF-4EBA-B9E9-E527728F50F5}.Debug|ARM64.ActiveCfg = Debug|ARM64
		{917D55CA-34AF-4EBA-B9E9-E527728F50F5}.Debug|ARM64.Build.0 = Debug|ARM64
		{917D55CA-34AF-4EBA-B9E9-E527728F50F5}.Debug|ARM64.Deploy.0 = Debug|ARM64
		{917D55CA-34AF-4EBA-B9E9-E527728F50F5}.Debug|x64.ActiveCfg = Debug|x64
		{917D55CA-34AF-4EBA-B9E9-E527728F50F5}.Debug|x64.Build.0 = Debug|x64
		{917D55CA-34AF-4EBA-B9E9-E527728F50F5}.Debug|x64.Deploy.0 = Debug|x64
		{917D55CA-34AF-4EBA-B9E9-E527728F50F5}.Debug|x86.ActiveCfg = Debug|x86
		{917D55CA-34AF-4EBA-B9E9-E527728F50F5}.Debug|x86.Build.0 = Debug|x86
		{917D55CA-34AF-4EBA-B9E9-E527728F50F5}.Debug|x86.Deploy.0 = Debug|x86
		{917D55CA-34AF-4EBA-B9E9-E527728F50F5}.Release|Any CPU.ActiveCfg = Release|Any CPU
		{917D55CA-34AF-4EBA-B9E9-E527728F50F5}.Release|Any CPU.Build.0 = Release|Any CPU
		{917D55CA-34AF-4EBA-B9E9-E527728F50F5}.Release|Any CPU.Deploy.0 = Release|Any CPU
		{917D55CA-34AF-4EBA-B9E9-E527728F50F5}.Release|ARM.ActiveCfg = Release|ARM
		{917D55CA-34AF-4EBA-B9E9-E527728F50F5}.Release|ARM.Build.0 = Release|ARM
		{917D55CA-34AF-4EBA-B9E9-E527728F50F5}.Release|ARM.Deploy.0 = Release|ARM
		{917D55CA-34AF-4EBA-B9E9-E527728F50F5}.Release|ARM64.ActiveCfg = Release|ARM64
		{917D55CA-34AF-4EBA-B9E9-E527728F50F5}.Release|ARM64.Build.0 = Release|ARM64
		{917D55CA-34AF-4EBA-B9E9-E527728F50F5}.Release|ARM64.Deploy.0 = Release|ARM64
		{917D55CA-34AF-4EBA-B9E9-E527728F50F5}.Release|x64.ActiveCfg = Release|x64
		{917D55CA-34AF-4EBA-B9E9-E527728F50F5}.Release|x64.Build.0 = Release|x64
		{917D55CA-34AF-4EBA-B9E9-E527728F50F5}.Release|x64.Deploy.0 = Release|x64
		{917D55CA-34AF-4EBA-B9E9-E527728F50F5}.Release|x86.ActiveCfg = Release|x86
		{917D55CA-34AF-4EBA-B9E9-E527728F50F5}.Release|x86.Build.0 = Release|x86
		{917D55CA-34AF-4EBA-B9E9-E527728F50F5}.Release|x86.Deploy.0 = Release|x86
	EndGlobalSection
	GlobalSection(SolutionProperties) = preSolution
		HideSolutionNode = FALSE
	EndGlobalSection
	GlobalSection(ExtensibilityGlobals) = postSolution
		SolutionGuid = {D1B1CD7D-2D55-49E2-89AC-FF4ECEBE83A0}
	EndGlobalSection
EndGlobal
